{"1.2.0",
[{<<"pkt">>,
  {git,"https://github.com/massemanet/pkt",
       {ref,"8f2714f2a55755208cec6a634d893f1fe82e32b5"}},
  0},
 {<<"redbug">>,{pkg,<<"redbug">>,<<"2.0.9">>},0}]}.
[
{pkg_hash,[
 {<<"redbug">>, <<"47A0802EA5CA5F2C54BD9B0BE429FF3AC839E85A277E97105D7E6107174B25F3">>}]},
{pkg_hash_ext,[
 {<<"redbug">>, <<"048CECDD53183A57E0F8A3F81BED2EA4C3AD424D319EABD5EF158B9FC3EA2C69">>}]}
].
